lockfileVersion: '9.0'

settings:
  autoInstallPeers: true
  excludeLinksFromLockfile: false

importers:

  .:
    dependencies:
      framer-motion:
        specifier: ^12.23.24
        version: 12.23.24(react-dom@19.1.0(react@19.1.0))(react@19.1.0)
      gsap:
        specifier: ^3.13.0
        version: 3.13.0
      next:
        specifier: 15.5.5
        version: 15.5.5(react-dom@19.1.0(react@19.1.0))(react@19.1.0)
      react:
        specifier: 19.1.0
        version: 19.1.0
      react-dom:
        specifier: 19.1.0
        version: 19.1.0(react@19.1.0)
      react-ga4:
        specifier: ^2.1.0
        version: 2.1.0
      react-icons:
        specifier: ^5.5.0
        version: 5.5.0(react@19.1.0)
    devDependencies:
      '@tailwindcss/postcss':
        specifier: ^4
        version: 4.1.14
      '@types/node':
        specifier: ^20
        version: 20.19.21
      '@types/react':
        specifier: ^19
        version: 19.2.2
      '@types/react-dom':
        specifier: ^19
        version: 19.2.2(@types/react@19.2.2)
      tailwindcss:
        specifier: ^4
        version: 4.1.14
      typescript:
        specifier: ^5
        version: 5.9.3

packages:

  '@alloc/quick-lru@5.2.0':
    resolution: {integrity: sha1-e/aLIMCjUPk2kV/K4G9Y4yAHzjA=}
    engines: {node: '>=10'}

  '@emnapi/runtime@1.5.0':
    resolution: {integrity: sha1-muv8ubFxldzjq1PIZ4emt9BY23M=}

  '@img/colour@1.0.0':
    resolution: {integrity: sha1-0vq7IjRVp5O/O/nHDePShSaqgxE=}
    engines: {node: '>=18'}

  '@img/sharp-darwin-arm64@0.34.4':
    resolution: {integrity: sha1-ig3KyeYh/1M/vy6DD2qXezjWegw=}
    engines: {node: ^18.17.0 || ^20.3.0 || >=21.0.0}
    cpu: [arm64]
    os: [darwin]

  '@img/sharp-darwin-x64@0.34.4':
    resolution: {integrity: sha1-C6K9nb8H9zAPq3MwW3h+ZhVvd1I=}
    engines: {node: ^18.17.0 || ^20.3.0 || >=21.0.0}
    cpu: [x64]
    os: [darwin]

  '@img/sharp-libvips-darwin-arm64@1.2.3':
    resolution: {integrity: sha1-9Dyao7dP0wfkMY2mPrvg7Uw050Q=}
    cpu: [arm64]
    os: [darwin]

  '@img/sharp-libvips-darwin-x64@1.2.3':
    resolution: {integrity: sha1-xC/3htSh9C74kp26Spid1d9kF/A=}
    cpu: [x64]
    os: [darwin]

  '@img/sharp-libvips-linux-arm64@1.2.3':
    resolution: {integrity: sha1-yQc+XEtinuQX93fbIcVSkQ2E7Xc=}
    cpu: [arm64]
    os: [linux]
    libc: [glibc]

  '@img/sharp-libvips-linux-arm@1.2.3':
    resolution: {integrity: sha1-PLwzP9a48iShTWmwOh3RHfiXx5k=}
    cpu: [arm]
    os: [linux]
    libc: [glibc]

  '@img/sharp-libvips-linux-ppc64@1.2.3':
    resolution: {integrity: sha1-aODgB2KZ9D2DhGhnVnT6vMcWHRY=}
    cpu: [ppc64]
    os: [linux]
    libc: [glibc]

  '@img/sharp-libvips-linux-s390x@1.2.3':
    resolution: {integrity: sha1-famrEaUMDKkFl58KrhSkzP+rJ7I=}
    cpu: [s390x]
    os: [linux]
    libc: [glibc]

  '@img/sharp-libvips-linux-x64@1.2.3':
    resolution: {integrity: sha1-OxYtaxkM93kmgZBA4J+xXuxCE14=}
    cpu: [x64]
    os: [linux]
    libc: [glibc]

  '@img/sharp-libvips-linuxmusl-arm64@1.2.3':
    resolution: {integrity: sha1-rJlXZjDdjjPLWY18RYb24GVZEuo=}
    cpu: [arm64]
    os: [linux]
    libc: [musl]

  '@img/sharp-libvips-linuxmusl-x64@1.2.3':
    resolution: {integrity: sha1-k+lJWve/bE4NQd1x0BlsNcN1Ohw=}
    cpu: [x64]
    os: [linux]
    libc: [musl]

  '@img/sharp-linux-arm64@0.34.4':
    resolution: {integrity: sha1-BXD/Gk+m4dZ3lFb8qLXowYpqnPI=}
    engines: {node: ^18.17.0 || ^20.3.0 || >=21.0.0}
    cpu: [arm64]
    os: [linux]
    libc: [glibc]

  '@img/sharp-linux-arm@0.34.4':
    resolution: {integrity: sha1-XwINkz9U8/xJID0yw7fdDsEf/Ns=}
    engines: {node: ^18.17.0 || ^20.3.0 || >=21.0.0}
    cpu: [arm]
    os: [linux]
    libc: [glibc]

  '@img/sharp-linux-ppc64@0.34.4':
    resolution: {integrity: sha1-jVd19tx+MOo6HvpDeYt2kLtcs0Q=}
    engines: {node: ^18.17.0 || ^20.3.0 || >=21.0.0}
    cpu: [ppc64]
    os: [linux]
    libc: [glibc]

  '@img/sharp-linux-s390x@0.34.4':
    resolution: {integrity: sha1-dAqls2kYjuLBkTsQFef4MPTf21A=}
    engines: {node: ^18.17.0 || ^20.3.0 || >=21.0.0}
    cpu: [s390x]
    os: [linux]
    libc: [glibc]

  '@img/sharp-linux-x64@0.34.4':
    resolution: {integrity: sha1-VzzkGWstB3G7oyrME6N7etybYhI=}
    engines: {node: ^18.17.0 || ^20.3.0 || >=21.0.0}
    cpu: [x64]
    os: [linux]
    libc: [glibc]

  '@img/sharp-linuxmusl-arm64@0.34.4':
    resolution: {integrity: sha1-PJG8g0jMO0K0PG/KFPnbtctHvQ0=}
    engines: {node: ^18.17.0 || ^20.3.0 || >=21.0.0}
    cpu: [arm64]
    os: [linux]
    libc: [musl]

  '@img/sharp-linuxmusl-x64@0.34.4':
    resolution: {integrity: sha1-M959R2rJ4tt+9lQzG1TMZ5uAa9o=}
    engines: {node: ^18.17.0 || ^20.3.0 || >=21.0.0}
    cpu: [x64]
    os: [linux]
    libc: [musl]

  '@img/sharp-wasm32@0.34.4':
    resolution: {integrity: sha1-1hf3s/hR+JmAIpjzYGZ8IGBcAZg=}
    engines: {node: ^18.17.0 || ^20.3.0 || >=21.0.0}
    cpu: [wasm32]

  '@img/sharp-win32-arm64@0.34.4':
    resolution: {integrity: sha1-OOLIqIgm6sZH98P5nv77OYl6j1w=}
    engines: {node: ^18.17.0 || ^20.3.0 || >=21.0.0}
    cpu: [arm64]
    os: [win32]

  '@img/sharp-win32-ia32@0.34.4':
    resolution: {integrity: sha1-ADp+sP2rpgB5DDAHz9dW5Bqc90k=}
    engines: {node: ^18.17.0 || ^20.3.0 || >=21.0.0}
    cpu: [ia32]
    os: [win32]

  '@img/sharp-win32-x64@0.34.4':
    resolution: {integrity: sha1-sZ8fiKzov8IHhKCtMXZ/NDjgJdE=}
    engines: {node: ^18.17.0 || ^20.3.0 || >=21.0.0}
    cpu: [x64]
    os: [win32]

  '@isaacs/fs-minipass@4.0.1':
    resolution: {integrity: sha1-LVmuOrSzj7QnC/oj0w+OLobH/jI=}
    engines: {node: '>=18.0.0'}

  '@jridgewell/gen-mapping@0.3.13':
    resolution: {integrity: sha1-Y0Khn0Q0dRjJPkOxrGnes8Rlah8=}

  '@jridgewell/remapping@2.3.5':
    resolution: {integrity: sha1-N1xHbRlylHhRuh4Vro8SMEdEWqE=}

  '@jridgewell/resolve-uri@3.1.2':
    resolution: {integrity: sha1-eg7mAfYPmaIMfHxf8MgDiMEYm9Y=}
    engines: {node: '>=6.0.0'}

  '@jridgewell/sourcemap-codec@1.5.5':
    resolution: {integrity: sha1-aRKwDSxjHA0Vzhp6tXzWV/Ko+Lo=}

  '@jridgewell/trace-mapping@0.3.31':
    resolution: {integrity: sha1-2xXWeByTHzolGj2sOVAcmKYIL9A=}

  '@next/env@15.5.5':
    resolution: {integrity: sha1-SFEh26BdcMf5fFdFojAjNO+2BQY=}

  '@next/swc-darwin-arm64@15.5.5':
    resolution: {integrity: sha1-GMnPvl182KHIiz+XWclcoJ6Y5Bc=}
    engines: {node: '>= 10'}
    cpu: [arm64]
    os: [darwin]

  '@next/swc-darwin-x64@15.5.5':
    resolution: {integrity: sha1-R5kDJ4mldBX+p2qsxsRfgrzDQd8=}
    engines: {node: '>= 10'}
    cpu: [x64]
    os: [darwin]

  '@next/swc-linux-arm64-gnu@15.5.5':
    resolution: {integrity: sha1-W2rixF/cLzkNSJoRoSD6044pGGA=}
    engines: {node: '>= 10'}
    cpu: [arm64]
    os: [linux]
    libc: [glibc]

  '@next/swc-linux-arm64-musl@15.5.5':
    resolution: {integrity: sha1-yQBAqoxbnxNBoZRFHlcNb0LaJ6w=}
    engines: {node: '>= 10'}
    cpu: [arm64]
    os: [linux]
    libc: [musl]

  '@next/swc-linux-x64-gnu@15.5.5':
    resolution: {integrity: sha1-8KgWrbAvgLDIVzN383d4mMnLkSg=}
    engines: {node: '>= 10'}
    cpu: [x64]
    os: [linux]
    libc: [glibc]

  '@next/swc-linux-x64-musl@15.5.5':
    resolution: {integrity: sha1-PyvuIDy+2IviStmWtUxWg427WLU=}
    engines: {node: '>= 10'}
    cpu: [x64]
    os: [linux]
    libc: [musl]

  '@next/swc-win32-arm64-msvc@15.5.5':
    resolution: {integrity: sha1-qehEyntJ1ZqZWYu6uvx4LLV7gr0=}
    engines: {node: '>= 10'}
    cpu: [arm64]
    os: [win32]

  '@next/swc-win32-x64-msvc@15.5.5':
    resolution: {integrity: sha1-HpiXu71+PmR3k/5e4p7Jz1Rv7lU=}
    engines: {node: '>= 10'}
    cpu: [x64]
    os: [win32]

  '@swc/helpers@0.5.15':
    resolution: {integrity: sha1-ee+rNExYGez4OkPz+fgR/IS1Ftc=}

  '@tailwindcss/node@4.1.14':
    resolution: {integrity: sha1-zzhkSQx0bbawa0aqI135Ahoom60=}

  '@tailwindcss/oxide-android-arm64@4.1.14':
    resolution: {integrity: sha1-iQNnjXVxXZE7j3xfb6BRevg7URE=}
    engines: {node: '>= 10'}
    cpu: [arm64]
    os: [android]

  '@tailwindcss/oxide-darwin-arm64@4.1.14':
    resolution: {integrity: sha1-ctVq+tzoKQR6g9hRLynuFs9vvqU=}
    engines: {node: '>= 10'}
    cpu: [arm64]
    os: [darwin]

  '@tailwindcss/oxide-darwin-x64@4.1.14':
    resolution: {integrity: sha1-rBr4LaASmRQxKf32Ffb8wEa0CU4=}
    engines: {node: '>= 10'}
    cpu: [x64]
    os: [darwin]

  '@tailwindcss/oxide-freebsd-x64@4.1.14':
    resolution: {integrity: sha1-qVXO35sCAUfSIvkkkOnTMdubXDY=}
    engines: {node: '>= 10'}
    cpu: [x64]
    os: [freebsd]

  '@tailwindcss/oxide-linux-arm-gnueabihf@4.1.14':
    resolution: {integrity: sha1-VHS+5NN3FEEH8/AZijwCJaRsAuY=}
    engines: {node: '>= 10'}
    cpu: [arm]
    os: [linux]

  '@tailwindcss/oxide-linux-arm64-gnu@4.1.14':
    resolution: {integrity: sha1-sGyhQAg7NTc1QU4y96h4b1XOLdY=}
    engines: {node: '>= 10'}
    cpu: [arm64]
    os: [linux]
    libc: [glibc]

  '@tailwindcss/oxide-linux-arm64-musl@4.1.14':
    resolution: {integrity: sha1-hfTKvqKgdgknTR90e9CYxdoqfNI=}
    engines: {node: '>= 10'}
    cpu: [arm64]
    os: [linux]
    libc: [musl]

  '@tailwindcss/oxide-linux-x64-gnu@4.1.14':
    resolution: {integrity: sha1-DX+/kXY6L2iGBEoFAphIkQfRIL0=}
    engines: {node: '>= 10'}
    cpu: [x64]
    os: [linux]
    libc: [glibc]

  '@tailwindcss/oxide-linux-x64-musl@4.1.14':
    resolution: {integrity: sha1-k1eHEwZLpMFt9RffAbPFRuzJh40=}
    engines: {node: '>= 10'}
    cpu: [x64]
    os: [linux]
    libc: [musl]

  '@tailwindcss/oxide-wasm32-wasi@4.1.14':
    resolution: {integrity: sha1-nlWZkSmpUqPcwhlsycxVJIzBsf4=}
    engines: {node: '>=14.0.0'}
    cpu: [wasm32]
    bundledDependencies:
      - '@napi-rs/wasm-runtime'
      - '@emnapi/core'
      - '@emnapi/runtime'
      - '@tybys/wasm-util'
      - '@emnapi/wasi-threads'
      - tslib

  '@tailwindcss/oxide-win32-arm64-msvc@4.1.14':
    resolution: {integrity: sha1-CXwAv8YM2ElDqctehTsl+iVSXHc=}
    engines: {node: '>= 10'}
    cpu: [arm64]
    os: [win32]

  '@tailwindcss/oxide-win32-x64-msvc@4.1.14':
    resolution: {integrity: sha1-6qSfqTDOFrI0eNO1jAeaQKwLZiI=}
    engines: {node: '>= 10'}
    cpu: [x64]
    os: [win32]

  '@tailwindcss/oxide@4.1.14':
    resolution: {integrity: sha1-rPx4aRQmZWk7Owjk5R0PQZyhNmI=}
    engines: {node: '>= 10'}

  '@tailwindcss/postcss@4.1.14':
    resolution: {integrity: sha1-Kf1OCCspRg5AYqe8S/cLOKl/j8U=}

  '@types/node@20.19.21':
    resolution: {integrity: sha1-blN44EmTxAOVRzsTuvlKCYdRV7g=}

  '@types/react-dom@19.2.2':
    resolution: {integrity: sha1-pMyHR5e33cnLGA7w1dwj9Zb8IzI=}
    peerDependencies:
      '@types/react': ^19.2.0

  '@types/react@19.2.2':
    resolution: {integrity: sha1-uhI6ddTCpRFYaXFgpOov9wqmvzY=}

  caniuse-lite@1.0.30001751:
    resolution: {integrity: sha1-2s1dn0uu6oQWQWQBOdKypN9CJq0=}

  chownr@3.0.0:
    resolution: {integrity: sha1-mFXmTs0kCpzEJnzopKpdJKHaFeQ=}
    engines: {node: '>=18'}

  client-only@0.0.1:
    resolution: {integrity: sha1-OLul1APEGrFQv/ZKlchQE89zvKE=}

  csstype@3.1.3:
    resolution: {integrity: sha1-2A/ylNEU+w5qxQD7+FtgE31+/4E=}

  detect-libc@2.1.2:
    resolution: {integrity: sha1-aJxdzcGQDvVYOky59te0c3QgdK0=}
    engines: {node: '>=8'}

  enhanced-resolve@5.18.3:
    resolution: {integrity: sha1-m19MXAdrh4fHj+VAOSznaoiFW0Q=}
    engines: {node: '>=10.13.0'}

  framer-motion@12.23.24:
    resolution: {integrity: sha1-SJW2fogL0rEInmH7qjKugC/CS4w=}
    peerDependencies:
      '@emotion/is-prop-valid': '*'
      react: ^18.0.0 || ^19.0.0
      react-dom: ^18.0.0 || ^19.0.0
    peerDependenciesMeta:
      '@emotion/is-prop-valid':
        optional: true
      react:
        optional: true
      react-dom:
        optional: true

  graceful-fs@4.2.11:
    resolution: {integrity: sha1-QYPk6L8Iu24Fu7L30uDI9xLKQOM=}

  gsap@3.13.0:
    resolution: {integrity: sha1-WX1OAZortId4U4fZEpat6/ktud0=}

  jiti@2.6.1:
    resolution: {integrity: sha1-F47y/JoaWUJIwgYnzYIBh6TXjZI=}
    hasBin: true

  lightningcss-darwin-arm64@1.30.1:
    resolution: {integrity: sha1-PUfOXiIblWfHA5UO3yUpyko3AK4=}
    engines: {node: '>= 12.0.0'}
    cpu: [arm64]
    os: [darwin]

  lightningcss-darwin-x64@1.30.1:
    resolution: {integrity: sha1-6BEF0/1jMIYMFf6GD2TTnP9fvSI=}
    engines: {node: '>= 12.0.0'}
    cpu: [x64]
    os: [darwin]

  lightningcss-freebsd-x64@1.30.1:
    resolution: {integrity: sha1-oOcyAxCD/51iXF2wIdCesIWvi+Q=}
    engines: {node: '>= 12.0.0'}
    cpu: [x64]
    os: [freebsd]

  lightningcss-linux-arm-gnueabihf@1.30.1:
    resolution: {integrity: sha1-H17MpglVKN22SfkwS6JWDHJHSQg=}
    engines: {node: '>= 12.0.0'}
    cpu: [arm]
    os: [linux]

  lightningcss-linux-arm64-gnu@1.30.1:
    resolution: {integrity: sha1-7ud5lyYQO///HoiZPfcm9pEewAk=}
    engines: {node: '>= 12.0.0'}
    cpu: [arm64]
    os: [linux]
    libc: [glibc]

  lightningcss-linux-arm64-musl@1.30.1:
    resolution: {integrity: sha1-8uS1P0KJL+7vj2IMu4iffAZKff4=}
    engines: {node: '>= 12.0.0'}
    cpu: [arm64]
    os: [linux]
    libc: [musl]

  lightningcss-linux-x64-gnu@1.30.1:
    resolution: {integrity: sha1-L8cJYiS8AA67l+6pSuokjFsOsVc=}
    engines: {node: '>= 12.0.0'}
    cpu: [x64]
    os: [linux]
    libc: [glibc]

  lightningcss-linux-x64-musl@1.30.1:
    resolution: {integrity: sha1-ZtyisVn9gZ6oMsRIldB+WzHXXyY=}
    engines: {node: '>= 12.0.0'}
    cpu: [x64]
    os: [linux]
    libc: [musl]

  lightningcss-win32-arm64-msvc@1.30.1:
    resolution: {integrity: sha1-fYEQoZ18LSK/3y8ruL5o59G2kDk=}
    engines: {node: '>= 12.0.0'}
    cpu: [arm64]
    os: [win32]

  lightningcss-win32-x64-msvc@1.30.1:
    resolution: {integrity: sha1-/X3QCOqYSUuF0ktL6gFnk/Lg41I=}
    engines: {node: '>= 12.0.0'}
    cpu: [x64]
    os: [win32]

  lightningcss@1.30.1:
    resolution: {integrity: sha1-eOl5wtWVv8uQ0qjA62Mv5sW/7V0=}
    engines: {node: '>= 12.0.0'}

  magic-string@0.30.19:
    resolution: {integrity: sha1-zr6fEE5WVgLl0gmMXy55p3zIbak=}

  minipass@7.1.2:
    resolution: {integrity: sha1-k6libOXl5mvU24aEnnUV6SNApwc=}
    engines: {node: '>=16 || 14 >=14.17'}

  minizlib@3.1.0:
    resolution: {integrity: sha1-atdsOo8QInybUdHJrI4wsn9aJRw=}
    engines: {node: '>= 18'}

  motion-dom@12.23.23:
    resolution: {integrity: sha1-j4dDM+oaBO46ieuSj1GLRj1Yng4=}

  motion-utils@12.23.6:
    resolution: {integrity: sha1-+v74C06oUSLdDWxZmgxj1yiB8xI=}

  nanoid@3.3.11:
    resolution: {integrity: sha1-T08RLO++MDIC8hmYOBKJNiZtGFs=}
    engines: {node: ^10 || ^12 || ^13.7 || ^14 || >=15.0.1}
    hasBin: true

  next@15.5.5:
    resolution: {integrity: sha1-qLp2IANxjvIt1RI7YLTCynHIgro=}
    engines: {node: ^18.18.0 || ^19.8.0 || >= 20.0.0}
    hasBin: true
    peerDependencies:
      '@opentelemetry/api': ^1.1.0
      '@playwright/test': ^1.51.1
      babel-plugin-react-compiler: '*'
      react: ^18.2.0 || 19.0.0-rc-de68d2f4-20241204 || ^19.0.0
      react-dom: ^18.2.0 || 19.0.0-rc-de68d2f4-20241204 || ^19.0.0
      sass: ^1.3.0
    peerDependenciesMeta:
      '@opentelemetry/api':
        optional: true
      '@playwright/test':
        optional: true
      babel-plugin-react-compiler:
        optional: true
      sass:
        optional: true

  picocolors@1.1.1:
    resolution: {integrity: sha1-PTIa8+q5ObCDyPkpodEs2oHCa2s=}

  postcss@8.4.31:
    resolution: {integrity: sha1-krRRBQqfkU2mdVrzUr3AGSUIZW0=}
    engines: {node: ^10 || ^12 || >=14}

  postcss@8.5.6:
    resolution: {integrity: sha1-KCUAZhWmGbT2Kp50JswSCzSajzw=}
    engines: {node: ^10 || ^12 || >=14}

  react-dom@19.1.0:
    resolution: {integrity: sha1-EzVY3so3+h1oJwjfiQSyUYZ5NiM=}
    peerDependencies:
      react: ^19.1.0

  react-ga4@2.1.0:
    resolution: {integrity: sha1-VmAfWdlcCEZuvW7fv43t5VxGePk=}

  react-icons@5.5.0:
    resolution: {integrity: sha1-iqJdNUP/hCMWhdMzEWTAApnN+vI=}
    peerDependencies:
      react: '*'

  react@19.1.0:
    resolution: {integrity: sha1-kmhktsSNp2J/AEeV1szlDpB5O3U=}
    engines: {node: '>=0.10.0'}

  scheduler@0.26.0:
    resolution: {integrity: sha1-TOiowqIJXxPqEb+aRFvlDFVdYzc=}

  semver@7.7.3:
    resolution: {integrity: sha1-S19BQ9AHYzqNxnHNCm75FHuLuUY=}
    engines: {node: '>=10'}
    hasBin: true

  sharp@0.34.4:
    resolution: {integrity: sha1-c8LFpCXpglC4uSflU39xHaiWbjg=}
    engines: {node: ^18.17.0 || ^20.3.0 || >=21.0.0}

  source-map-js@1.2.1:
    resolution: {integrity: sha1-HOVlD93YerwJnto33P8CTCZnrkY=}
    engines: {node: '>=0.10.0'}

  styled-jsx@5.1.6:
    resolution: {integrity: sha1-g7kMB35saoD39eh4HQ8xGy/kFJk=}
    engines: {node: '>= 12.0.0'}
    peerDependencies:
      '@babel/core': '*'
      babel-plugin-macros: '*'
      react: '>= 16.8.0 || 17.x.x || ^18.0.0-0 || ^19.0.0-0'
    peerDependenciesMeta:
      '@babel/core':
        optional: true
      babel-plugin-macros:
        optional: true

  tailwindcss@4.1.14:
    resolution: {integrity: sha1-pZB8wiAqKh9fFbrG8gMeUxF+Q6g=}

  tapable@2.3.0:
    resolution: {integrity: sha1-fj6m1coxuo4Hi1YPDYPOmhSqi+Y=}
    engines: {node: '>=6'}

  tar@7.5.1:
    resolution: {integrity: sha1-dQqL1jt8RMGEjnv5giYKCDz3R8k=}
    engines: {node: '>=18'}

  tslib@2.8.1:
    resolution: {integrity: sha1-YS7+TtI11Wfoq6Xypfq3AoCt6D8=}

  typescript@5.9.3:
    resolution: {integrity: sha1-W09Z4VMQqxeiFvXWz1PuR27eZw8=}
    engines: {node: '>=14.17'}
    hasBin: true

  undici-types@6.21.0:
    resolution: {integrity: sha1-aR0ArzkJvpOn+qE75hs6W1DvEss=}

  yallist@5.0.0:
    resolution: {integrity: sha1-AOLeRDY57Q14/YfeDSdGn7z/tTM=}
    engines: {node: '>=18'}

snapshots:

  '@alloc/quick-lru@5.2.0': {}

  '@emnapi/runtime@1.5.0':
    dependencies:
      tslib: 2.8.1
    optional: true

  '@img/colour@1.0.0':
    optional: true

  '@img/sharp-darwin-arm64@0.34.4':
    optionalDependencies:
      '@img/sharp-libvips-darwin-arm64': 1.2.3
    optional: true

  '@img/sharp-darwin-x64@0.34.4':
    optionalDependencies:
      '@img/sharp-libvips-darwin-x64': 1.2.3
    optional: true

  '@img/sharp-libvips-darwin-arm64@1.2.3':
    optional: true

  '@img/sharp-libvips-darwin-x64@1.2.3':
    optional: true

  '@img/sharp-libvips-linux-arm64@1.2.3':
    optional: true

  '@img/sharp-libvips-linux-arm@1.2.3':
    optional: true

  '@img/sharp-libvips-linux-ppc64@1.2.3':
    optional: true

  '@img/sharp-libvips-linux-s390x@1.2.3':
    optional: true

  '@img/sharp-libvips-linux-x64@1.2.3':
    optional: true

  '@img/sharp-libvips-linuxmusl-arm64@1.2.3':
    optional: true

  '@img/sharp-libvips-linuxmusl-x64@1.2.3':
    optional: true

  '@img/sharp-linux-arm64@0.34.4':
    optionalDependencies:
      '@img/sharp-libvips-linux-arm64': 1.2.3
    optional: true

  '@img/sharp-linux-arm@0.34.4':
    optionalDependencies:
      '@img/sharp-libvips-linux-arm': 1.2.3
    optional: true

  '@img/sharp-linux-ppc64@0.34.4':
    optionalDependencies:
      '@img/sharp-libvips-linux-ppc64': 1.2.3
    optional: true

  '@img/sharp-linux-s390x@0.34.4':
    optionalDependencies:
      '@img/sharp-libvips-linux-s390x': 1.2.3
    optional: true

  '@img/sharp-linux-x64@0.34.4':
    optionalDependencies:
      '@img/sharp-libvips-linux-x64': 1.2.3
    optional: true

  '@img/sharp-linuxmusl-arm64@0.34.4':
    optionalDependencies:
      '@img/sharp-libvips-linuxmusl-arm64': 1.2.3
    optional: true

  '@img/sharp-linuxmusl-x64@0.34.4':
    optionalDependencies:
      '@img/sharp-libvips-linuxmusl-x64': 1.2.3
    optional: true

  '@img/sharp-wasm32@0.34.4':
    dependencies:
      '@emnapi/runtime': 1.5.0
    optional: true

  '@img/sharp-win32-arm64@0.34.4':
    optional: true

  '@img/sharp-win32-ia32@0.34.4':
    optional: true

  '@img/sharp-win32-x64@0.34.4':
    optional: true

  '@isaacs/fs-minipass@4.0.1':
    dependencies:
      minipass: 7.1.2

  '@jridgewell/gen-mapping@0.3.13':
    dependencies:
      '@jridgewell/sourcemap-codec': 1.5.5
      '@jridgewell/trace-mapping': 0.3.31

  '@jridgewell/remapping@2.3.5':
    dependencies:
      '@jridgewell/gen-mapping': 0.3.13
      '@jridgewell/trace-mapping': 0.3.31

  '@jridgewell/resolve-uri@3.1.2': {}

  '@jridgewell/sourcemap-codec@1.5.5': {}

  '@jridgewell/trace-mapping@0.3.31':
    dependencies:
      '@jridgewell/resolve-uri': 3.1.2
      '@jridgewell/sourcemap-codec': 1.5.5

  '@next/env@15.5.5': {}

  '@next/swc-darwin-arm64@15.5.5':
    optional: true

  '@next/swc-darwin-x64@15.5.5':
    optional: true

  '@next/swc-linux-arm64-gnu@15.5.5':
    optional: true

  '@next/swc-linux-arm64-musl@15.5.5':
    optional: true

  '@next/swc-linux-x64-gnu@15.5.5':
    optional: true

  '@next/swc-linux-x64-musl@15.5.5':
    optional: true

  '@next/swc-win32-arm64-msvc@15.5.5':
    optional: true

  '@next/swc-win32-x64-msvc@15.5.5':
    optional: true

  '@swc/helpers@0.5.15':
    dependencies:
      tslib: 2.8.1

  '@tailwindcss/node@4.1.14':
    dependencies:
      '@jridgewell/remapping': 2.3.5
      enhanced-resolve: 5.18.3
      jiti: 2.6.1
      lightningcss: 1.30.1
      magic-string: 0.30.19
      source-map-js: 1.2.1
      tailwindcss: 4.1.14

  '@tailwindcss/oxide-android-arm64@4.1.14':
    optional: true

  '@tailwindcss/oxide-darwin-arm64@4.1.14':
    optional: true

  '@tailwindcss/oxide-darwin-x64@4.1.14':
    optional: true

  '@tailwindcss/oxide-freebsd-x64@4.1.14':
    optional: true

  '@tailwindcss/oxide-linux-arm-gnueabihf@4.1.14':
    optional: true

  '@tailwindcss/oxide-linux-arm64-gnu@4.1.14':
    optional: true

  '@tailwindcss/oxide-linux-arm64-musl@4.1.14':
    optional: true

  '@tailwindcss/oxide-linux-x64-gnu@4.1.14':
    optional: true

  '@tailwindcss/oxide-linux-x64-musl@4.1.14':
    optional: true

  '@tailwindcss/oxide-wasm32-wasi@4.1.14':
    optional: true

  '@tailwindcss/oxide-win32-arm64-msvc@4.1.14':
    optional: true

  '@tailwindcss/oxide-win32-x64-msvc@4.1.14':
    optional: true

  '@tailwindcss/oxide@4.1.14':
    dependencies:
      detect-libc: 2.1.2
      tar: 7.5.1
    optionalDependencies:
      '@tailwindcss/oxide-android-arm64': 4.1.14
      '@tailwindcss/oxide-darwin-arm64': 4.1.14
      '@tailwindcss/oxide-darwin-x64': 4.1.14
      '@tailwindcss/oxide-freebsd-x64': 4.1.14
      '@tailwindcss/oxide-linux-arm-gnueabihf': 4.1.14
      '@tailwindcss/oxide-linux-arm64-gnu': 4.1.14
      '@tailwindcss/oxide-linux-arm64-musl': 4.1.14
      '@tailwindcss/oxide-linux-x64-gnu': 4.1.14
      '@tailwindcss/oxide-linux-x64-musl': 4.1.14
      '@tailwindcss/oxide-wasm32-wasi': 4.1.14
      '@tailwindcss/oxide-win32-arm64-msvc': 4.1.14
      '@tailwindcss/oxide-win32-x64-msvc': 4.1.14

  '@tailwindcss/postcss@4.1.14':
    dependencies:
      '@alloc/quick-lru': 5.2.0
      '@tailwindcss/node': 4.1.14
      '@tailwindcss/oxide': 4.1.14
      postcss: 8.5.6
      tailwindcss: 4.1.14

  '@types/node@20.19.21':
    dependencies:
      undici-types: 6.21.0

  '@types/react-dom@19.2.2(@types/react@19.2.2)':
    dependencies:
      '@types/react': 19.2.2

  '@types/react@19.2.2':
    dependencies:
      csstype: 3.1.3

  caniuse-lite@1.0.30001751: {}

  chownr@3.0.0: {}

  client-only@0.0.1: {}

  csstype@3.1.3: {}

  detect-libc@2.1.2: {}

  enhanced-resolve@5.18.3:
    dependencies:
      graceful-fs: 4.2.11
      tapable: 2.3.0

  framer-motion@12.23.24(react-dom@19.1.0(react@19.1.0))(react@19.1.0):
    dependencies:
      motion-dom: 12.23.23
      motion-utils: 12.23.6
      tslib: 2.8.1
    optionalDependencies:
      react: 19.1.0
      react-dom: 19.1.0(react@19.1.0)

  graceful-fs@4.2.11: {}

  gsap@3.13.0: {}

  jiti@2.6.1: {}

  lightningcss-darwin-arm64@1.30.1:
    optional: true

  lightningcss-darwin-x64@1.30.1:
    optional: true

  lightningcss-freebsd-x64@1.30.1:
    optional: true

  lightningcss-linux-arm-gnueabihf@1.30.1:
    optional: true

  lightningcss-linux-arm64-gnu@1.30.1:
    optional: true

  lightningcss-linux-arm64-musl@1.30.1:
    optional: true

  lightningcss-linux-x64-gnu@1.30.1:
    optional: true

  lightningcss-linux-x64-musl@1.30.1:
    optional: true

  lightningcss-win32-arm64-msvc@1.30.1:
    optional: true

  lightningcss-win32-x64-msvc@1.30.1:
    optional: true

  lightningcss@1.30.1:
    dependencies:
      detect-libc: 2.1.2
    optionalDependencies:
      lightningcss-darwin-arm64: 1.30.1
      lightningcss-darwin-x64: 1.30.1
      lightningcss-freebsd-x64: 1.30.1
      lightningcss-linux-arm-gnueabihf: 1.30.1
      lightningcss-linux-arm64-gnu: 1.30.1
      lightningcss-linux-arm64-musl: 1.30.1
      lightningcss-linux-x64-gnu: 1.30.1
      lightningcss-linux-x64-musl: 1.30.1
      lightningcss-win32-arm64-msvc: 1.30.1
      lightningcss-win32-x64-msvc: 1.30.1

  magic-string@0.30.19:
    dependencies:
      '@jridgewell/sourcemap-codec': 1.5.5

  minipass@7.1.2: {}

  minizlib@3.1.0:
    dependencies:
      minipass: 7.1.2

  motion-dom@12.23.23:
    dependencies:
      motion-utils: 12.23.6

  motion-utils@12.23.6: {}

  nanoid@3.3.11: {}

  next@15.5.5(react-dom@19.1.0(react@19.1.0))(react@19.1.0):
    dependencies:
      '@next/env': 15.5.5
      '@swc/helpers': 0.5.15
      caniuse-lite: 1.0.30001751
      postcss: 8.4.31
      react: 19.1.0
      react-dom: 19.1.0(react@19.1.0)
      styled-jsx: 5.1.6(react@19.1.0)
    optionalDependencies:
      '@next/swc-darwin-arm64': 15.5.5
      '@next/swc-darwin-x64': 15.5.5
      '@next/swc-linux-arm64-gnu': 15.5.5
      '@next/swc-linux-arm64-musl': 15.5.5
      '@next/swc-linux-x64-gnu': 15.5.5
      '@next/swc-linux-x64-musl': 15.5.5
      '@next/swc-win32-arm64-msvc': 15.5.5
      '@next/swc-win32-x64-msvc': 15.5.5
      sharp: 0.34.4
    transitivePeerDependencies:
      - '@babel/core'
      - babel-plugin-macros

  picocolors@1.1.1: {}

  postcss@8.4.31:
    dependencies:
      nanoid: 3.3.11
      picocolors: 1.1.1
      source-map-js: 1.2.1

  postcss@8.5.6:
    dependencies:
      nanoid: 3.3.11
      picocolors: 1.1.1
      source-map-js: 1.2.1

  react-dom@19.1.0(react@19.1.0):
    dependencies:
      react: 19.1.0
      scheduler: 0.26.0

  react-ga4@2.1.0: {}

  react-icons@5.5.0(react@19.1.0):
    dependencies:
      react: 19.1.0

  react@19.1.0: {}

  scheduler@0.26.0: {}

  semver@7.7.3:
    optional: true

  sharp@0.34.4:
    dependencies:
      '@img/colour': 1.0.0
      detect-libc: 2.1.2
      semver: 7.7.3
    optionalDependencies:
      '@img/sharp-darwin-arm64': 0.34.4
      '@img/sharp-darwin-x64': 0.34.4
      '@img/sharp-libvips-darwin-arm64': 1.2.3
      '@img/sharp-libvips-darwin-x64': 1.2.3
      '@img/sharp-libvips-linux-arm': 1.2.3
      '@img/sharp-libvips-linux-arm64': 1.2.3
      '@img/sharp-libvips-linux-ppc64': 1.2.3
      '@img/sharp-libvips-linux-s390x': 1.2.3
      '@img/sharp-libvips-linux-x64': 1.2.3
      '@img/sharp-libvips-linuxmusl-arm64': 1.2.3
      '@img/sharp-libvips-linuxmusl-x64': 1.2.3
      '@img/sharp-linux-arm': 0.34.4
      '@img/sharp-linux-arm64': 0.34.4
      '@img/sharp-linux-ppc64': 0.34.4
      '@img/sharp-linux-s390x': 0.34.4
      '@img/sharp-linux-x64': 0.34.4
      '@img/sharp-linuxmusl-arm64': 0.34.4
      '@img/sharp-linuxmusl-x64': 0.34.4
      '@img/sharp-wasm32': 0.34.4
      '@img/sharp-win32-arm64': 0.34.4
      '@img/sharp-win32-ia32': 0.34.4
      '@img/sharp-win32-x64': 0.34.4
    optional: true

  source-map-js@1.2.1: {}

  styled-jsx@5.1.6(react@19.1.0):
    dependencies:
      client-only: 0.0.1
      react: 19.1.0

  tailwindcss@4.1.14: {}

  tapable@2.3.0: {}

  tar@7.5.1:
    dependencies:
      '@isaacs/fs-minipass': 4.0.1
      chownr: 3.0.0
      minipass: 7.1.2
      minizlib: 3.1.0
      yallist: 5.0.0

  tslib@2.8.1: {}

  typescript@5.9.3: {}

  undici-types@6.21.0: {}

  yallist@5.0.0: {}
